
Microsoft Visual Studio Solution File, Format Version 12.00
# Visual Studio Version 16
VisualStudioVersion = 16.0.30320.27
MinimumVisualStudioVersion = 10.0.40219.1
Project("{FAE04EC0-301F-11D3-BF4B-00C04F79EFBC}") = "oefening.Enum", "oefening.Enum\oefening.Enum.csproj", "{01185A8A-1BAD-48F2-87E7-35E9B17D9690}"
EndProject
Project("{FAE04EC0-301F-11D3-BF4B-00C04F79EFBC}") = "deel2.enums", "deel2.enums\deel2.enums.csproj", "{518ACF3A-E0CF-41C9-B19A-9B0E6335C7FD}"
EndProject
Global
	GlobalSection(SolutionConfigurationPlatforms) = preSolution
		Debug|Any CPU = Debug|Any CPU
		Release|Any CPU = Release|Any CPU
	EndGlobalSection
	GlobalSection(ProjectConfigurationPlatforms) = postSolution
		{01185A8A-1BAD-48F2-87E7-35E9B17D9690}.Debug|Any CPU.ActiveCfg = Debug|Any CPU
		{01185A8A-1BAD-48F2-87E7-35E9B17D9690}.Debug|Any CPU.Build.0 = Debug|Any CPU
		{01185A8A-1BAD-48F2-87E7-35E9B17D9690}.Release|Any CPU.ActiveCfg = Release|Any CPU
		{01185A8A-1BAD-48F2-87E7-35E9B17D9690}.Release|Any CPU.Build.0 = Release|Any CPU
		{518ACF3A-E0CF-41C9-B19A-9B0E6335C7FD}.Debug|Any CPU.ActiveCfg = Debug|Any CPU
		{518ACF3A-E0CF-41C9-B19A-9B0E6335C7FD}.Debug|Any CPU.Build.0 = Debug|Any CPU
		{518ACF3A-E0CF-41C9-B19A-9B0E6335C7FD}.Release|Any CPU.ActiveCfg = Release|Any CPU
		{518ACF3A-E0CF-41C9-B19A-9B0E6335C7FD}.Release|Any CPU.Build.0 = Release|Any CPU
	EndGlobalSection
	GlobalSection(SolutionProperties) = preSolution
		HideSolutionNode = FALSE
	EndGlobalSection
	GlobalSection(ExtensibilityGlobals) = postSolution
		SolutionGuid = {DD76F1BB-AF77-4D20-B58E-10F821FFD7DF}
	EndGlobalSection
EndGlobal
